Microsoft Visual Studio Solution File, Format Version 12.00
# Visual Studio Version 17
VisualStudioVersion = 17.5.2.0
MinimumVisualStudioVersion = 10.0.40219.1
Project("{FAE04EC0-301F-11D3-BF4B-00C04F79EFBC}") = "MyJiraTickets", "MyJiraTickets.csproj", "{69FE7D30-6F86-7A1F-1463-E6A517CBD01F}"
EndProject
Global
	GlobalSection(SolutionConfigurationPlatforms) = preSolution
		Debug|Any CPU = Debug|Any CPU
		Release|Any CPU = Release|Any CPU
	EndGlobalSection
	GlobalSection(ProjectConfigurationPlatforms) = postSolution
		{69FE7D30-6F86-7A1F-1463-E6A517CBD01F}.Debug|Any CPU.ActiveCfg = Debug|Any CPU
		{69FE7D30-6F86-7A1F-1463-E6A517CBD01F}.Debug|Any CPU.Build.0 = Debug|Any CPU
		{69FE7D30-6F86-7A1F-1463-E6A517CBD01F}.Release|Any CPU.ActiveCfg = Release|Any CPU
		{69FE7D30-6F86-7A1F-1463-E6A517CBD01F}.Release|Any CPU.Build.0 = Release|Any CPU
	EndGlobalSection
	GlobalSection(SolutionProperties) = preSolution
		HideSolutionNode = FALSE
	EndGlobalSection
	GlobalSection(ExtensibilityGlobals) = postSolution
		SolutionGuid = {9AAFC055-4453-4726-BE57-EA44C108BBD6}
	EndGlobalSection
EndGlobal
